
Microsoft Visual Studio Solution File, Format Version 11.00
# Visual Studio 2010
Project("{8BC9CEB8-8B4A-11D0-8D11-00A0C91BC942}") = "DES5", "DES5\DES5.vcxproj", "{D649E7EA-17C0-4CE3-81ED-1DBB9F4DDA12}"
EndProject
Global
	GlobalSection(SolutionConfigurationPlatforms) = preSolution
		Debug|Win32 = Debug|Win32
		Release|Win32 = Release|Win32
	EndGlobalSection
	GlobalSection(ProjectConfigurationPlatforms) = postSolution
		{D649E7EA-17C0-4CE3-81ED-1DBB9F4DDA12}.Debug|Win32.ActiveCfg = Debug|Win32
		{D649E7EA-17C0-4CE3-81ED-1DBB9F4DDA12}.Debug|Win32.Build.0 = Debug|Win32
		{D649E7EA-17C0-4CE3-81ED-1DBB9F4DDA12}.Release|Win32.ActiveCfg = Release|Win32
		{D649E7EA-17C0-4CE3-81ED-1DBB9F4DDA12}.Release|Win32.Build.0 = Release|Win32
	EndGlobalSection
	GlobalSection(SolutionProperties) = preSolution
		HideSolutionNode = FALSE
	EndGlobalSection
EndGlobal
